// !$*UTF8*$!
{
	archiveVersion = 1;
	classes = {
	};
	objectVersion = 50;
	objects = {

/* Begin PBXBuildFile section */
		893AE2752588738A002482AD /* AppDelegate.swift in Sources */ = {isa = PBXBuildFile; fileRef = 893AE2742588738A002482AD /* AppDelegate.swift */; };
		893AE2772588738A002482AD /* SceneDelegate.swift in Sources */ = {isa = PBXBuildFile; fileRef = 893AE2762588738A002482AD /* SceneDelegate.swift */; };
		893AE27C2588738A002482AD /* Main.storyboard in Resources */ = {isa = PBXBuildFile; fileRef = 893AE27A2588738A002482AD /* Main.storyboard */; };
		893AE27E2588738B002482AD /* Assets.xcassets in Resources */ = {isa = PBXBuildFile; fileRef = 893AE27D2588738B002482AD /* Assets.xcassets */; };
		893AE2812588738B002482AD /* LaunchScreen.storyboard in Resources */ = {isa = PBXBuildFile; fileRef = 893AE27F2588738B002482AD /* LaunchScreen.storyboard */; };
		893AE28D25887504002482AD /* WriteViewController.swift in Sources */ = {isa = PBXBuildFile; fileRef = 893AE28C25887504002482AD /* WriteViewController.swift */; };
		893AE2912588753A002482AD /* BudgetViewController.swift in Sources */ = {isa = PBXBuildFile; fileRef = 893AE2902588753A002482AD /* BudgetViewController.swift */; };
		893AE29325887582002482AD /* FreeWirteViewController.swift in Sources */ = {isa = PBXBuildFile; fileRef = 893AE29225887582002482AD /* FreeWirteViewController.swift */; };
		89C0671F2591AE3400B773D8 /* NetworkHandler.swift in Sources */ = {isa = PBXBuildFile; fileRef = 89C0671E2591AE3400B773D8 /* NetworkHandler.swift */; };
/* End PBXBuildFile section */

/* Begin PBXFileReference section */
		893AE2712588738A002482AD /* AccountBook.app */ = {isa = PBXFileReference; explicitFileType = wrapper.application; includeInIndex = 0; path = AccountBook.app; sourceTree = BUILT_PRODUCTS_DIR; };
		893AE2742588738A002482AD /* AppDelegate.swift */ = {isa = PBXFileReference; lastKnownFileType = sourcecode.swift; path = AppDelegate.swift; sourceTree = "<group>"; };
		893AE2762588738A002482AD /* SceneDelegate.swift */ = {isa = PBXFileReference; lastKnownFileType = sourcecode.swift; path = SceneDelegate.swift; sourceTree = "<group>"; };
		893AE27B2588738A002482AD /* Base */ = {isa = PBXFileReference; lastKnownFileType = file.storyboard; name = Base; path = Base.lproj/Main.storyboard; sourceTree = "<group>"; };
		893AE27D2588738B002482AD /* Assets.xcassets */ = {isa = PBXFileReference; lastKnownFileType = folder.assetcatalog; path = Assets.xcassets; sourceTree = "<group>"; };
		893AE2802588738B002482AD /* Base */ = {isa = PBXFileReference; lastKnownFileType = file.storyboard; name = Base; path = Base.lproj/LaunchScreen.storyboard; sourceTree = "<group>"; };
		893AE2822588738B002482AD /* Info.plist */ = {isa = PBXFileReference; lastKnownFileType = text.plist.xml; path = Info.plist; sourceTree = "<group>"; };
		893AE28C25887504002482AD /* WriteViewController.swift */ = {isa = PBXFileReference; lastKnownFileType = sourcecode.swift; path = WriteViewController.swift; sourceTree = "<group>"; };
		893AE2902588753A002482AD /* BudgetViewController.swift */ = {isa = PBXFileReference; lastKnownFileType = sourcecode.swift; path = BudgetViewController.swift; sourceTree = "<group>"; };
		893AE29225887582002482AD /* FreeWirteViewController.swift */ = {isa = PBXFileReference; lastKnownFileType = sourcecode.swift; path = FreeWirteViewController.swift; sourceTree = "<group>"; };
		89C0671E2591AE3400B773D8 /* NetworkHandler.swift */ = {isa = PBXFileReference; lastKnownFileType = sourcecode.swift; path = NetworkHandler.swift; sourceTree = "<group>"; };
/* End PBXFileReference section */

/* Begin PBXFrameworksBuildPhase section */
		893AE26E2588738A002482AD /* Frameworks */ = {
			isa = PBXFrameworksBuildPhase;
			buildActionMask = 2147483647;
			files = (
			);
			runOnlyForDeploymentPostprocessing = 0;
		};
/* End PBXFrameworksBuildPhase section */

/* Begin PBXGroup section */
		893AE2682588738A002482AD = {
			isa = PBXGroup;
			children = (
				893AE2732588738A002482AD /* AccountBook */,
				893AE2722588738A002482AD /* Products */,
			);
			sourceTree = "<group>";
		};
		893AE2722588738A002482AD /* Products */ = {
			isa = PBXGroup;
			children = (
				893AE2712588738A002482AD /* AccountBook.app */,
			);
			name = Products;
			sourceTree = "<group>";
		};
		893AE2732588738A002482AD /* AccountBook */ = {
			isa = PBXGroup;
			children = (
				893AE28A25887498002482AD /* Resources */,
				893AE28825887471002482AD /* Views */,
				893AE28B258874C3002482AD /* Controllers */,
				893AE2822588738B002482AD /* Info.plist */,
			);
			path = AccountBook;
			sourceTree = "<group>";
		};
		893AE28825887471002482AD /* Views */ = {
			isa = PBXGroup;
			children = (
				893AE28925887488002482AD /* Storyboards */,
				893AE27D2588738B002482AD /* Assets.xcassets */,
			);
			path = Views;
			sourceTree = "<group>";
		};
		893AE28925887488002482AD /* Storyboards */ = {
			isa = PBXGroup;
			children = (
				893AE27A2588738A002482AD /* Main.storyboard */,
				893AE27F2588738B002482AD /* LaunchScreen.storyboard */,
			);
			path = Storyboards;
			sourceTree = "<group>";
		};
		893AE28A25887498002482AD /* Resources */ = {
			isa = PBXGroup;
			children = (
				893AE2742588738A002482AD /* AppDelegate.swift */,
				893AE2762588738A002482AD /* SceneDelegate.swift */,
				89C0671E2591AE3400B773D8 /* NetworkHandler.swift */,
			);
			path = Resources;
			sourceTree = "<group>";
		};
		893AE28B258874C3002482AD /* Controllers */ = {
			isa = PBXGroup;
			children = (
				893AE28C25887504002482AD /* WriteViewController.swift */,
				893AE2902588753A002482AD /* BudgetViewController.swift */,
				893AE29225887582002482AD /* FreeWirteViewController.swift */,
			);
			path = Controllers;
			sourceTree = "<group>";
		};
/* End PBXGroup section */

/* Begin PBXNativeTarget section */
		893AE2702588738A002482AD /* AccountBook */ = {
			isa = PBXNativeTarget;
			buildConfigurationList = 893AE2852588738B002482AD /* Build configuration list for PBXNativeTarget "AccountBook" */;
			buildPhases = (
				893AE26D2588738A002482AD /* Sources */,
				893AE26E2588738A002482AD /* Frameworks */,
				893AE26F2588738A002482AD /* Resources */,
			);
			buildRules = (
			);
			dependencies = (
			);
			name = AccountBook;
			productName = AccountBook;
			productReference = 893AE2712588738A002482AD /* AccountBook.app */;
			productType = "com.apple.product-type.application";
		};
/* End PBXNativeTarget section */

/* Begin PBXProject section */
		893AE2692588738A002482AD /* Project object */ = {
			isa = PBXProject;
			attributes = {
				LastSwiftUpdateCheck = 1130;
				LastUpgradeCheck = 1130;
				ORGANIZATIONNAME = "Jungeun Lee";
				TargetAttributes = {
					893AE2702588738A002482AD = {
						CreatedOnToolsVersion = 11.3;
					};
				};
			};
			buildConfigurationList = 893AE26C2588738A002482AD /* Build configuration list for PBXProject "AccountBook" */;
			compatibilityVersion = "Xcode 9.3";
			developmentRegion = en;
			hasScannedForEncodings = 0;
			knownRegions = (
				en,
				Base,
			);
			mainGroup = 893AE2682588738A002482AD;
			productRefGroup = 893AE2722588738A002482AD /* Products */;
			projectDirPath = "";
			projectRoot = "";
			targets = (
				893AE2702588738A002482AD /* AccountBook */,
			);
		};
/* End PBXProject section */

/* Begin PBXResourcesBuildPhase section */
		893AE26F2588738A002482AD /* Resources */ = {
			isa = PBXResourcesBuildPhase;
			buildActionMask = 2147483647;
			files = (
				893AE2812588738B002482AD /* LaunchScreen.storyboard in Resources */,
				893AE27E2588738B002482AD /* Assets.xcassets in Resources */,
				893AE27C2588738A002482AD /* Main.storyboard in Resources */,
			);
			runOnlyForDeploymentPostprocessing = 0;
		};
/* End PBXResourcesBuildPhase section */

/* Begin PBXSourcesBuildPhase section */
		893AE26D2588738A002482AD /* Sources */ = {
			isa = PBXSourcesBuildPhase;
			buildActionMask = 2147483647;
			files = (
				893AE29325887582002482AD /* FreeWirteViewController.swift in Sources */,
				893AE28D25887504002482AD /* WriteViewController.swift in Sources */,
				893AE2912588753A002482AD /* BudgetViewController.swift in Sources */,
				893AE2752588738A002482AD /* AppDelegate.swift in Sources */,
				893AE2772588738A002482AD /* SceneDelegate.swift in Sources */,
				89C0671F2591AE3400B773D8 /* NetworkHandler.swift in Sources */,
			);
			runOnlyForDeploymentPostprocessing = 0;
		};
/* End PBXSourcesBuildPhase section */

/* Begin PBXVariantGroup section */
		893AE27A2588738A002482AD /* Main.storyboard */ = {
			isa = PBXVariantGroup;
			children = (
				893AE27B2588738A002482AD /* Base */,
			);
			name = Main.storyboard;
			sourceTree = "<group>";
		};
		893AE27F2588738B002482AD /* LaunchScreen.storyboard */ = {
			isa = PBXVariantGroup;
			children = (
				893AE2802588738B002482AD /* Base */,
			);
			name = LaunchScreen.storyboard;
			sourceTree = "<group>";
		};
/* End PBXVariantGroup section */

/* Begin XCBuildConfiguration section */
		893AE2832588738B002482AD /* Debug */ = {
			isa = XCBuildConfiguration;
			buildSettings = {
				ALWAYS_SEARCH_USER_PATHS = NO;
				CLANG_ANALYZER_NONNULL = YES;
				CLANG_ANALYZER_NUMBER_OBJECT_CONVERSION = YES_AGGRESSIVE;
				CLANG_CXX_LANGUAGE_STANDARD = "gnu++14";
				CLANG_CXX_LIBRARY = "libc++";
				CLANG_ENABLE_MODULES = YES;
				CLANG_ENABLE_OBJC_ARC = YES;
				CLANG_ENABLE_OBJC_WEAK = YES;
				CLANG_WARN_BLOCK_CAPTURE_AUTORELEASING = YES;
				CLANG_WARN_BOOL_CONVERSION = YES;
				CLANG_WARN_COMMA = YES;
				CLANG_WARN_CONSTANT_CONVERSION = YES;
				CLANG_WARN_DEPRECATED_OBJC_IMPLEMENTATIONS = YES;
				CLANG_WARN_DIRECT_OBJC_ISA_USAGE = YES_ERROR;
				CLANG_WARN_DOCUMENTATION_COMMENTS = YES;
				CLANG_WARN_EMPTY_BODY = YES;
				CLANG_WARN_ENUM_CONVERSION = YES;
				CLANG_WARN_INFINITE_RECURSION = YES;
				CLANG_WARN_INT_CONVERSION = YES;
				CLANG_WARN_NON_LITERAL_NULL_CONVERSION = YES;
				CLANG_WARN_OBJC_IMPLICIT_RETAIN_SELF = YES;
				CLANG_WARN_OBJC_LITERAL_CONVERSION = YES;
				CLANG_WARN_OBJC_ROOT_CLASS = YES_ERROR;
				CLANG_WARN_RANGE_LOOP_ANALYSIS = YES;
				CLANG_WARN_STRICT_PROTOTYPES = YES;
				CLANG_WARN_SUSPICIOUS_MOVE = YES;
				CLANG_WARN_UNGUARDED_AVAILABILITY = YES_AGGRESSIVE;
				CLANG_WARN_UNREACHABLE_CODE = YES;
				CLANG_WARN__DUPLICATE_METHOD_MATCH = YES;
				COPY_PHASE_STRIP = NO;
				DEBUG_INFORMATION_FORMAT = dwarf;
				ENABLE_STRICT_OBJC_MSGSEND = YES;
				ENABLE_TESTABILITY = YES;
				GCC_C_LANGUAGE_STANDARD = gnu11;
				GCC_DYNAMIC_NO_PIC = NO;
				GCC_NO_COMMON_BLOCKS = YES;
				GCC_OPTIMIZATION_LEVEL = 0;
				GCC_PREPROCESSOR_DEFINITIONS = (
					"DEBUG=1",
					"$(inherited)",
				);
				GCC_WARN_64_TO_32_BIT_CONVERSION = YES;
				GCC_WARN_ABOUT_RETURN_TYPE = YES_ERROR;
				GCC_WARN_UNDECLARED_SELECTOR = YES;
				GCC_WARN_UNINITIALIZED_AUTOS = YES_AGGRESSIVE;
				GCC_WARN_UNUSED_FUNCTION = YES;
				GCC_WARN_UNUSED_VARIABLE = YES;
				IPHONEOS_DEPLOYMENT_TARGET = 13.2;
				MTL_ENABLE_DEBUG_INFO = INCLUDE_SOURCE;
				MTL_FAST_MATH = YES;
				ONLY_ACTIVE_ARCH = YES;
				SDKROOT = iphoneos;
				SWIFT_ACTIVE_COMPILATION_CONDITIONS = DEBUG;
				SWIFT_OPTIMIZATION_LEVEL = "-Onone";
			};
			name = Debug;
		};
		893AE2842588738B002482AD /* Release */ = {
			isa = XCBuildConfiguration;
			buildSettings = {
				ALWAYS_SEARCH_USER_PATHS = NO;
				CLANG_ANALYZER_NONNULL = YES;
				CLANG_ANALYZER_NUMBER_OBJECT_CONVERSION = YES_AGGRESSIVE;
				CLANG_CXX_LANGUAGE_STANDARD = "gnu++14";
				CLANG_CXX_LIBRARY = "libc++";
				CLANG_ENABLE_MODULES = YES;
				CLANG_ENABLE_OBJC_ARC = YES;
				CLANG_ENABLE_OBJC_WEAK = YES;
				CLANG_WARN_BLOCK_CAPTURE_AUTORELEASING = YES;
				CLANG_WARN_BOOL_CONVERSION = YES;
				CLANG_WARN_COMMA = YES;
				CLANG_WARN_CONSTANT_CONVERSION = YES;
				CLANG_WARN_DEPRECATED_OBJC_IMPLEMENTATIONS = YES;
				CLANG_WARN_DIRECT_OBJC_ISA_USAGE = YES_ERROR;
				CLANG_WARN_DOCUMENTATION_COMMENTS = YES;
				CLANG_WARN_EMPTY_BODY = YES;
				CLANG_WARN_ENUM_CONVERSION = YES;
				CLANG_WARN_INFINITE_RECURSION = YES;
				CLANG_WARN_INT_CONVERSION = YES;
				CLANG_WARN_NON_LITERAL_NULL_CONVERSION = YES;
				CLANG_WARN_OBJC_IMPLICIT_RETAIN_SELF = YES;
				CLANG_WARN_OBJC_LITERAL_CONVERSION = YES;
				CLANG_WARN_OBJC_ROOT_CLASS = YES_ERROR;
				CLANG_WARN_RANGE_LOOP_ANALYSIS = YES;
				CLANG_WARN_STRICT_PROTOTYPES = YES;
				CLANG_WARN_SUSPICIOUS_MOVE = YES;
				CLANG_WARN_UNGUARDED_AVAILABILITY = YES_AGGRESSIVE;
				CLANG_WARN_UNREACHABLE_CODE = YES;
				CLANG_WARN__DUPLICATE_METHOD_MATCH = YES;
				COPY_PHASE_STRIP = NO;
				DEBUG_INFORMATION_FORMAT = "dwarf-with-dsym";
				ENABLE_NS_ASSERTIONS = NO;
				ENABLE_STRICT_OBJC_MSGSEND = YES;
				GCC_C_LANGUAGE_STANDARD = gnu11;
				GCC_NO_COMMON_BLOCKS = YES;
				GCC_WARN_64_TO_32_BIT_CONVERSION = YES;
				GCC_WARN_ABOUT_RETURN_TYPE = YES_ERROR;
				GCC_WARN_UNDECLARED_SELECTOR = YES;
				GCC_WARN_UNINITIALIZED_AUTOS = YES_AGGRESSIVE;
				GCC_WARN_UNUSED_FUNCTION = YES;
				GCC_WARN_UNUSED_VARIABLE = YES;
				IPHONEOS_DEPLOYMENT_TARGET = 13.2;
				MTL_ENABLE_DEBUG_INFO = NO;
				MTL_FAST_MATH = YES;
				SDKROOT = iphoneos;
				SWIFT_COMPILATION_MODE = wholemodule;
				SWIFT_OPTIMIZATION_LEVEL = "-O";
				VALIDATE_PRODUCT = YES;
			};
			name = Release;
		};
		893AE2862588738B002482AD /* Debug */ = {
			isa = XCBuildConfiguration;
			buildSettings = {
				ASSETCATALOG_COMPILER_APPICON_NAME = AppIcon;
				CODE_SIGN_STYLE = Automatic;
				INFOPLIST_FILE = AccountBook/Info.plist;
				LD_RUNPATH_SEARCH_PATHS = (
					"$(inherited)",
					"@executable_path/Frameworks",
				);
				PRODUCT_BUNDLE_IDENTIFIER = com.example.AccountBook;
				PRODUCT_NAME = "$(TARGET_NAME)";
				SWIFT_VERSION = 5.0;
				TARGETED_DEVICE_FAMILY = "1,2";
			};
			name = Debug;
		};
		893AE2872588738B002482AD /* Release */ = {
			isa = XCBuildConfiguration;
			buildSettings = {
				ASSETCATALOG_COMPILER_APPICON_NAME = AppIcon;
				CODE_SIGN_STYLE = Automatic;
				INFOPLIST_FILE = AccountBook/Info.plist;
				LD_RUNPATH_SEARCH_PATHS = (
					"$(inherited)",
					"@executable_path/Frameworks",
				);
				PRODUCT_BUNDLE_IDENTIFIER = com.example.AccountBook;
				PRODUCT_NAME = "$(TARGET_NAME)";
				SWIFT_VERSION = 5.0;
				TARGETED_DEVICE_FAMILY = "1,2";
			};
			name = Release;
		};
/* End XCBuildConfiguration section */

/* Begin XCConfigurationList section */
		893AE26C2588738A002482AD /* Build configuration list for PBXProject "AccountBook" */ = {
			isa = XCConfigurationList;
			buildConfigurations = (
				893AE2832588738B002482AD /* Debug */,
				893AE2842588738B002482AD /* Release */,
			);
			defaultConfigurationIsVisible = 0;
			defaultConfigurationName = Release;
		};
		893AE2852588738B002482AD /* Build configuration list for PBXNativeTarget "AccountBook" */ = {
			isa = XCConfigurationList;
			buildConfigurations = (
				893AE2862588738B002482AD /* Debug */,
				893AE2872588738B002482AD /* Release */,
			);
			defaultConfigurationIsVisible = 0;
			defaultConfigurationName = Release;
		};
/* End XCConfigurationList section */
	};
	rootObject = 893AE2692588738A002482AD /* Project object */;
}
